PODS:
  - Flutter (1.0.0)
  - rust_lib_ghostbit (0.0.1):
    - Flutter

DEPENDENCIES:
  - Flutter (from `Flutter`)
  - rust_lib_ghostbit (from `.symlinks/plugins/rust_lib_ghostbit/ios`)

EXTERNAL SOURCES:
  Flutter:
    :path: Flutter
  rust_lib_ghostbit:
    :path: ".symlinks/plugins/rust_lib_ghostbit/ios"

SPEC CHECKSUMS:
  Flutter: 71a624a5bc0c04062bf19101d501e466baf2fb47
  rust_lib_ghostbit: a37a6bae793138d448ce8b3d45a81f76676aca64

PODFILE CHECKSUM: 3ba3a73b1b12adcf321a227a745625fe0888cc82

COCOAPODS: 1.17.0
